
Microsoft Visual Studio Solution File, Format Version 11.00
# Visual Studio 2010
Project("{FAE04EC0-301F-11D3-BF4B-00C04F79EFBC}") = "Assembly-CSharp", "Assembly-CSharp.csproj", "{5CDD63C5-E2D4-90D5-BAC2-0295396FB9FB}"
EndProject
Project("{FAE04EC0-301F-11D3-BF4B-00C04F79EFBC}") = "FrameRateBooster.Optimizations", "FrameRateBooster.Optimizations.csproj", "{A4FF4EA6-56EA-8314-AC43-8B6B79B4265E}"
EndProject
Project("{FAE04EC0-301F-11D3-BF4B-00C04F79EFBC}") = "Assembly-CSharp-Editor", "Assembly-CSharp-Editor.csproj", "{DF3D1D05-73D6-0F4C-590D-35D19AB11C32}"
EndProject
Project("{FAE04EC0-301F-11D3-BF4B-00C04F79EFBC}") = "Assembly-CSharp-Editor-firstpass", "Assembly-CSharp-Editor-firstpass.csproj", "{8D85B6DF-8B81-9AA9-CDB6-70D1AF9265EE}"
EndProject
Global
	GlobalSection(SolutionConfigurationPlatforms) = preSolution
		Debug|Any CPU = Debug|Any CPU
		Release|Any CPU = Release|Any CPU
	EndGlobalSection
	GlobalSection(ProjectConfigurationPlatforms) = postSolution
		{5CDD63C5-E2D4-90D5-BAC2-0295396FB9FB}.Debug|Any CPU.ActiveCfg = Debug|Any CPU
		{5CDD63C5-E2D4-90D5-BAC2-0295396FB9FB}.Debug|Any CPU.Build.0 = Debug|Any CPU
		{5CDD63C5-E2D4-90D5-BAC2-0295396FB9FB}.Release|Any CPU.ActiveCfg = Release|Any CPU
		{5CDD63C5-E2D4-90D5-BAC2-0295396FB9FB}.Release|Any CPU.Build.0 = Release|Any CPU
		{A4FF4EA6-56EA-8314-AC43-8B6B79B4265E}.Debug|Any CPU.ActiveCfg = Debug|Any CPU
		{A4FF4EA6-56EA-8314-AC43-8B6B79B4265E}.Debug|Any CPU.Build.0 = Debug|Any CPU
		{A4FF4EA6-56EA-8314-AC43-8B6B79B4265E}.Release|Any CPU.ActiveCfg = Release|Any CPU
		{A4FF4EA6-56EA-8314-AC43-8B6B79B4265E}.Release|Any CPU.Build.0 = Release|Any CPU
		{DF3D1D05-73D6-0F4C-590D-35D19AB11C32}.Debug|Any CPU.ActiveCfg = Debug|Any CPU
		{DF3D1D05-73D6-0F4C-590D-35D19AB11C32}.Debug|Any CPU.Build.0 = Debug|Any CPU
		{DF3D1D05-73D6-0F4C-590D-35D19AB11C32}.Release|Any CPU.ActiveCfg = Release|Any CPU
		{DF3D1D05-73D6-0F4C-590D-35D19AB11C32}.Release|Any CPU.Build.0 = Release|Any CPU
		{8D85B6DF-8B81-9AA9-CDB6-70D1AF9265EE}.Debug|Any CPU.ActiveCfg = Debug|Any CPU
		{8D85B6DF-8B81-9AA9-CDB6-70D1AF9265EE}.Debug|Any CPU.Build.0 = Debug|Any CPU
		{8D85B6DF-8B81-9AA9-CDB6-70D1AF9265EE}.Release|Any CPU.ActiveCfg = Release|Any CPU
		{8D85B6DF-8B81-9AA9-CDB6-70D1AF9265EE}.Release|Any CPU.Build.0 = Release|Any CPU
	EndGlobalSection
	GlobalSection(SolutionProperties) = preSolution
		HideSolutionNode = FALSE
	EndGlobalSection
	GlobalSection(MonoDevelopProperties) = preSolution
		StartupItem = Assembly-CSharp.csproj
	EndGlobalSection
EndGlobal
